
Microsoft Visual Studio Solution File, Format Version 12.00
# Visual Studio Version 17
VisualStudioVersion = 17.9.34723.18
MinimumVisualStudioVersion = 10.0.40219.1
Project("{9A19103F-16F7-4668-BE54-9A1E7A4F7556}") = "MarcasDeAutosAPI", "MarcasDeAutosAPI\MarcasDeAutosAPI.csproj", "{5D187B87-5072-43AA-8B79-CFA857FC0D3B}"
EndProject
Project("{9A19103F-16F7-4668-BE54-9A1E7A4F7556}") = "MarcasDeAutosDATA", "MarcasDeAutosDATA\MarcasDeAutosDATA.csproj", "{8B883E34-4CEE-4E59-A3C9-AFBAF81BA2C6}"
EndProject
Project("{9A19103F-16F7-4668-BE54-9A1E7A4F7556}") = "MarcasDeAutosTEST", "MarcasDeAutosTEST\MarcasDeAutosTEST.csproj", "{878A057C-475B-45BA-8595-6C0D29FA2EDF}"
EndProject
Project("{2150E333-8FDC-42A3-9474-1A3956D46DE8}") = "Solution Items", "Solution Items", "{E6A451C8-5B7F-475A-8D24-FABD1CE695E2}"
	ProjectSection(SolutionItems) = preProject
		docker-compose.yml = docker-compose.yml
		Dockerfile = Dockerfile
	EndProjectSection
EndProject
Global
	GlobalSection(SolutionConfigurationPlatforms) = preSolution
		Debug|Any CPU = Debug|Any CPU
		Release|Any CPU = Release|Any CPU
	EndGlobalSection
	GlobalSection(ProjectConfigurationPlatforms) = postSolution
		{5D187B87-5072-43AA-8B79-CFA857FC0D3B}.Debug|Any CPU.ActiveCfg = Debug|Any CPU
		{5D187B87-5072-43AA-8B79-CFA857FC0D3B}.Debug|Any CPU.Build.0 = Debug|Any CPU
		{5D187B87-5072-43AA-8B79-CFA857FC0D3B}.Release|Any CPU.ActiveCfg = Release|Any CPU
		{5D187B87-5072-43AA-8B79-CFA857FC0D3B}.Release|Any CPU.Build.0 = Release|Any CPU
		{8B883E34-4CEE-4E59-A3C9-AFBAF81BA2C6}.Debug|Any CPU.ActiveCfg = Debug|Any CPU
		{8B883E34-4CEE-4E59-A3C9-AFBAF81BA2C6}.Debug|Any CPU.Build.0 = Debug|Any CPU
		{8B883E34-4CEE-4E59-A3C9-AFBAF81BA2C6}.Release|Any CPU.ActiveCfg = Release|Any CPU
		{8B883E34-4CEE-4E59-A3C9-AFBAF81BA2C6}.Release|Any CPU.Build.0 = Release|Any CPU
		{878A057C-475B-45BA-8595-6C0D29FA2EDF}.Debug|Any CPU.ActiveCfg = Debug|Any CPU
		{878A057C-475B-45BA-8595-6C0D29FA2EDF}.Debug|Any CPU.Build.0 = Debug|Any CPU
		{878A057C-475B-45BA-8595-6C0D29FA2EDF}.Release|Any CPU.ActiveCfg = Release|Any CPU
		{878A057C-475B-45BA-8595-6C0D29FA2EDF}.Release|Any CPU.Build.0 = Release|Any CPU
	EndGlobalSection
	GlobalSection(SolutionProperties) = preSolution
		HideSolutionNode = FALSE
	EndGlobalSection
	GlobalSection(ExtensibilityGlobals) = postSolution
		SolutionGuid = {A2167081-62FA-4FCC-B55E-6B712299D4F0}
	EndGlobalSection
EndGlobal
